
Microsoft Visual Studio Solution File, Format Version 12.00
# Visual Studio Version 16
VisualStudioVersion = 16.0.29613.14
MinimumVisualStudioVersion = 10.0.40219.1
Project("{9A19103F-16F7-4668-BE54-9A1E7A4F7556}") = "Puffix.Exceptions", "Puffix.Exceptions\Puffix.Exceptions.csproj", "{D5C605A1-1D32-46EF-8617-859B6CB71D18}"
EndProject
Project("{9A19103F-16F7-4668-BE54-9A1E7A4F7556}") = "Tests.Puffix.Exceptions", "Tests.Puffix.Exceptions\Tests.Puffix.Exceptions.csproj", "{9347FC20-3AC4-48DB-86A4-249951894DF9}"
EndProject
Project("{FAE04EC0-301F-11D3-BF4B-00C04F79EFBC}") = "Puffix.Exceptions.Extensions", "Puffix.Exceptions.Extensions\Puffix.Exceptions.Extensions.csproj", "{40E014B5-4674-463A-B4F4-90CE7EA9BCA7}"
EndProject
Project("{2150E333-8FDC-42A3-9474-1A3956D46DE8}") = "GithubBuild", "GithubBuild", "{F4CB002A-277F-48B0-8E6A-411C21BB77DF}"
	ProjectSection(SolutionItems) = preProject
		.github\workflows\codeql-analysis.yml = .github\workflows\codeql-analysis.yml
		.github\workflows\dotnet-core.yml = .github\workflows\dotnet-core.yml
	EndProjectSection
EndProject
Global
	GlobalSection(SolutionConfigurationPlatforms) = preSolution
		Debug|Any CPU = Debug|Any CPU
		Release|Any CPU = Release|Any CPU
	EndGlobalSection
	GlobalSection(ProjectConfigurationPlatforms) = postSolution
		{D5C605A1-1D32-46EF-8617-859B6CB71D18}.Debug|Any CPU.ActiveCfg = Debug|Any CPU
		{D5C605A1-1D32-46EF-8617-859B6CB71D18}.Debug|Any CPU.Build.0 = Debug|Any CPU
		{D5C605A1-1D32-46EF-8617-859B6CB71D18}.Release|Any CPU.ActiveCfg = Release|Any CPU
		{D5C605A1-1D32-46EF-8617-859B6CB71D18}.Release|Any CPU.Build.0 = Release|Any CPU
		{9347FC20-3AC4-48DB-86A4-249951894DF9}.Debug|Any CPU.ActiveCfg = Debug|Any CPU
		{9347FC20-3AC4-48DB-86A4-249951894DF9}.Debug|Any CPU.Build.0 = Debug|Any CPU
		{9347FC20-3AC4-48DB-86A4-249951894DF9}.Release|Any CPU.ActiveCfg = Release|Any CPU
		{9347FC20-3AC4-48DB-86A4-249951894DF9}.Release|Any CPU.Build.0 = Release|Any CPU
		{40E014B5-4674-463A-B4F4-90CE7EA9BCA7}.Debug|Any CPU.ActiveCfg = Debug|Any CPU
		{40E014B5-4674-463A-B4F4-90CE7EA9BCA7}.Debug|Any CPU.Build.0 = Debug|Any CPU
		{40E014B5-4674-463A-B4F4-90CE7EA9BCA7}.Release|Any CPU.ActiveCfg = Release|Any CPU
		{40E014B5-4674-463A-B4F4-90CE7EA9BCA7}.Release|Any CPU.Build.0 = Release|Any CPU
	EndGlobalSection
	GlobalSection(SolutionProperties) = preSolution
		HideSolutionNode = FALSE
	EndGlobalSection
	GlobalSection(ExtensibilityGlobals) = postSolution
		SolutionGuid = {8685EBD1-28F3-4C5B-85F3-87D9541B0E82}
	EndGlobalSection
EndGlobal
